
Microsoft Visual Studio Solution File, Format Version 12.00
# Visual Studio Version 17
VisualStudioVersion = 17.5.002.0
MinimumVisualStudioVersion = 10.0.40219.1
Project("{9A19103F-16F7-4668-BE54-9A1E7A4F7556}") = "BeerAPI", "BeerAPI\BeerAPI.csproj", "{A551B421-D7BA-42DC-ACE5-2BD9FD26BB39}"
EndProject
Project("{9A19103F-16F7-4668-BE54-9A1E7A4F7556}") = "BeerAPI.Tests", "tests\BeerAPI.Tests\BeerAPI.Tests.csproj", "{199A6E9A-7FD3-47C2-90AE-7ED6701AA9F1}"
EndProject
Global
	GlobalSection(SolutionConfigurationPlatforms) = preSolution
		Debug|Any CPU = Debug|Any CPU
		Release|Any CPU = Release|Any CPU
	EndGlobalSection
	GlobalSection(ProjectConfigurationPlatforms) = postSolution
		{A551B421-D7BA-42DC-ACE5-2BD9FD26BB39}.Debug|Any CPU.ActiveCfg = Debug|Any CPU
		{A551B421-D7BA-42DC-ACE5-2BD9FD26BB39}.Debug|Any CPU.Build.0 = Debug|Any CPU
		{A551B421-D7BA-42DC-ACE5-2BD9FD26BB39}.Release|Any CPU.ActiveCfg = Release|Any CPU
		{A551B421-D7BA-42DC-ACE5-2BD9FD26BB39}.Release|Any CPU.Build.0 = Release|Any CPU
		{199A6E9A-7FD3-47C2-90AE-7ED6701AA9F1}.Debug|Any CPU.ActiveCfg = Debug|Any CPU
		{199A6E9A-7FD3-47C2-90AE-7ED6701AA9F1}.Debug|Any CPU.Build.0 = Debug|Any CPU
		{199A6E9A-7FD3-47C2-90AE-7ED6701AA9F1}.Release|Any CPU.ActiveCfg = Release|Any CPU
		{199A6E9A-7FD3-47C2-90AE-7ED6701AA9F1}.Release|Any CPU.Build.0 = Release|Any CPU
	EndGlobalSection
	GlobalSection(SolutionProperties) = preSolution
		HideSolutionNode = FALSE
	EndGlobalSection
	GlobalSection(ExtensibilityGlobals) = postSolution
		SolutionGuid = {FD06A5CC-2E06-41F6-9D8B-01956682542F}
	EndGlobalSection
EndGlobal
